
Microsoft Visual Studio Solution File, Format Version 12.00
# Visual Studio Version 17
VisualStudioVersion = 17.0.31903.59
MinimumVisualStudioVersion = 10.0.40219.1
Project("{FAE04EC0-301F-11D3-BF4B-00C04F79EFBC}") = "InternSystem.API", "InternSystem.API\InternSystem.API.csproj", "{A4C5D480-443B-426E-8216-5AF98F031932}"
EndProject
Project("{FAE04EC0-301F-11D3-BF4B-00C04F79EFBC}") = "InternSystem.Core", "InternSystem.Core\InternSystem.Core.csproj", "{289ABF21-E057-41BF-BEE9-5D5946201369}"
EndProject
Project("{FAE04EC0-301F-11D3-BF4B-00C04F79EFBC}") = "InternSystem.Infrastructure", "InternSystem.Infrastructure\InternSystem.Infrastructure.csproj", "{B8A2EC70-3D26-474B-BFAE-5CFE62E31B6E}"
EndProject
Global
	GlobalSection(SolutionConfigurationPlatforms) = preSolution
		Debug|Any CPU = Debug|Any CPU
		Release|Any CPU = Release|Any CPU
	EndGlobalSection
	GlobalSection(SolutionProperties) = preSolution
		HideSolutionNode = FALSE
	EndGlobalSection
	GlobalSection(ProjectConfigurationPlatforms) = postSolution
		{A4C5D480-443B-426E-8216-5AF98F031932}.Debug|Any CPU.ActiveCfg = Debug|Any CPU
		{A4C5D480-443B-426E-8216-5AF98F031932}.Debug|Any CPU.Build.0 = Debug|Any CPU
		{A4C5D480-443B-426E-8216-5AF98F031932}.Release|Any CPU.ActiveCfg = Release|Any CPU
		{A4C5D480-443B-426E-8216-5AF98F031932}.Release|Any CPU.Build.0 = Release|Any CPU
		{289ABF21-E057-41BF-BEE9-5D5946201369}.Debug|Any CPU.ActiveCfg = Debug|Any CPU
		{289ABF21-E057-41BF-BEE9-5D5946201369}.Debug|Any CPU.Build.0 = Debug|Any CPU
		{289ABF21-E057-41BF-BEE9-5D5946201369}.Release|Any CPU.ActiveCfg = Release|Any CPU
		{289ABF21-E057-41BF-BEE9-5D5946201369}.Release|Any CPU.Build.0 = Release|Any CPU
		{B8A2EC70-3D26-474B-BFAE-5CFE62E31B6E}.Debug|Any CPU.ActiveCfg = Debug|Any CPU
		{B8A2EC70-3D26-474B-BFAE-5CFE62E31B6E}.Debug|Any CPU.Build.0 = Debug|Any CPU
		{B8A2EC70-3D26-474B-BFAE-5CFE62E31B6E}.Release|Any CPU.ActiveCfg = Release|Any CPU
		{B8A2EC70-3D26-474B-BFAE-5CFE62E31B6E}.Release|Any CPU.Build.0 = Release|Any CPU
	EndGlobalSection
EndGlobal
